// !$*UTF8*$!
{
	archiveVersion = 1;
	classes = {
	};
	objectVersion = 46;
	objects = {

/* Begin PBXBuildFile section */
		4FC0D2441968C7180055812C /* Main_iPad.storyboard in Resources */ = {isa = PBXBuildFile; fileRef = 4FC0D2101968C7170055812C /* Main_iPad.storyboard */; };
		4FC0D2451968C7180055812C /* Main_iPhone.storyboard in Resources */ = {isa = PBXBuildFile; fileRef = 4FC0D2121968C7170055812C /* Main_iPhone.storyboard */; };
		4FC0D2461968C7180055812C /* TCConstants.m in Sources */ = {isa = PBXBuildFile; fileRef = 4FC0D2171968C7170055812C /* TCConstants.m */; };
		4FC0D2471968C7180055812C /* TCLoginViewController.m in Sources */ = {isa = PBXBuildFile; fileRef = 4FC0D21B1968C7170055812C /* TCLoginViewController.m */; };
		4FC0D2481968C7180055812C /* TCGroupsViewController.m in Sources */ = {isa = PBXBuildFile; fileRef = 4FC0D21F1968C7170055812C /* TCGroupsViewController.m */; };
		4FC0D2491968C7180055812C /* TCRecentsViewController.m in Sources */ = {isa = PBXBuildFile; fileRef = 4FC0D2221968C7170055812C /* TCRecentsViewController.m */; };
		4FC0D24A1968C7180055812C /* TCSettingsViewController.m in Sources */ = {isa = PBXBuildFile; fileRef = 4FC0D2251968C7170055812C /* TCSettingsViewController.m */; };
		4FC0D24B1968C7180055812C /* TCTabBarController.m in Sources */ = {isa = PBXBuildFile; fileRef = 4FC0D2271968C7170055812C /* TCTabBarController.m */; };
		4FC0D24C1968C7180055812C /* UITextField+PaddingText.m in Sources */ = {isa = PBXBuildFile; fileRef = 4FC0D22C1968C7170055812C /* UITextField+PaddingText.m */; };
		4FC0D24D1968C7180055812C /* XMPPCapabilities.xcdatamodel in Sources */ = {isa = PBXBuildFile; fileRef = 4FC0D2301968C7180055812C /* XMPPCapabilities.xcdatamodel */; };
		4FC0D24E1968C7180055812C /* XMPPMessageArchiving.xcdatamodel in Sources */ = {isa = PBXBuildFile; fileRef = 4FC0D2311968C7180055812C /* XMPPMessageArchiving.xcdatamodel */; };
		4FC0D24F1968C7180055812C /* XMPPRoom.xcdatamodel in Sources */ = {isa = PBXBuildFile; fileRef = 4FC0D2321968C7180055812C /* XMPPRoom.xcdatamodel */; };
		4FC0D2501968C7180055812C /* XMPPRoomHybrid.xcdatamodel in Sources */ = {isa = PBXBuildFile; fileRef = 4FC0D2331968C7180055812C /* XMPPRoomHybrid.xcdatamodel */; };
		4FC0D2511968C7180055812C /* XMPPRoster.xcdatamodel in Sources */ = {isa = PBXBuildFile; fileRef = 4FC0D2341968C7180055812C /* XMPPRoster.xcdatamodel */; };
		4FC0D2521968C7180055812C /* XMPPvCard.xcdatamodel in Sources */ = {isa = PBXBuildFile; fileRef = 4FC0D2351968C7180055812C /* XMPPvCard.xcdatamodel */; };
		4FC0D2531968C7180055812C /* InfoPlist.strings in Resources */ = {isa = PBXBuildFile; fileRef = 4FC0D2361968C7180055812C /* InfoPlist.strings */; };
		4FC0D2551968C7180055812C /* groups_button@2x.png in Resources */ = {isa = PBXBuildFile; fileRef = 4FC0D23B1968C7180055812C /* groups_button@2x.png */; };
		4FC0D2571968C7180055812C /* setting-button@2x.png in Resources */ = {isa = PBXBuildFile; fileRef = 4FC0D23D1968C7180055812C /* setting-button@2x.png */; };
		4FC0D2581968C7180055812C /* Images.xcassets in Resources */ = {isa = PBXBuildFile; fileRef = 4FC0D23E1968C7180055812C /* Images.xcassets */; };
		4FC0D2591968C7180055812C /* main.m in Sources */ = {isa = PBXBuildFile; fileRef = 4FC0D23F1968C7180055812C /* main.m */; };
		4FC0D25A1968C7180055812C /* TCAppDelegate.m in Sources */ = {isa = PBXBuildFile; fileRef = 4FC0D2411968C7180055812C /* TCAppDelegate.m */; };
		4FC0D25B1968C7180055812C /* TChat-Info.plist in Resources */ = {isa = PBXBuildFile; fileRef = 4FC0D2421968C7180055812C /* TChat-Info.plist */; };
		D203EA6719680B1E00669326 /* AVFoundation.framework in Frameworks */ = {isa = PBXBuildFile; fileRef = D203EA6619680B1E00669326 /* AVFoundation.framework */; };
		D203EA6919680B3900669326 /* QuartzCore.framework in Frameworks */ = {isa = PBXBuildFile; fileRef = D203EA6819680B3900669326 /* QuartzCore.framework */; };
		D203EA6B19680B4D00669326 /* MobileCoreServices.framework in Frameworks */ = {isa = PBXBuildFile; fileRef = D203EA6A19680B4D00669326 /* MobileCoreServices.framework */; };
		D219860E198E7EFD00078382 /* chatrooms@2x.png in Resources */ = {isa = PBXBuildFile; fileRef = D219860D198E7EFD00078382 /* chatrooms@2x.png */; };
		D2198610198E7F7F00078382 /* friends@2x.png in Resources */ = {isa = PBXBuildFile; fileRef = D219860F198E7F7F00078382 /* friends@2x.png */; };
		D2198612198E7FA200078382 /* recents@2x.png in Resources */ = {isa = PBXBuildFile; fileRef = D2198611198E7FA200078382 /* recents@2x.png */; };
		D2198616198E809100078382 /* TCChatroomsViewController.m in Sources */ = {isa = PBXBuildFile; fileRef = D2198615198E809100078382 /* TCChatroomsViewController.m */; };
		D219861A198E854300078382 /* TCUserStatusCell.m in Sources */ = {isa = PBXBuildFile; fileRef = D2198619198E854300078382 /* TCUserStatusCell.m */; };
		D21CE98D19680D9D006E19C6 /* libz.1.2.5.dylib in Frameworks */ = {isa = PBXBuildFile; fileRef = D21CE98C19680D9D006E19C6 /* libz.1.2.5.dylib */; };
		D21CE98F19680DB8006E19C6 /* CoreText.framework in Frameworks */ = {isa = PBXBuildFile; fileRef = D21CE98E19680DB8006E19C6 /* CoreText.framework */; };
		D21CE99119680DC2006E19C6 /* ImageIO.framework in Frameworks */ = {isa = PBXBuildFile; fileRef = D21CE99019680DC2006E19C6 /* ImageIO.framework */; };
		D21F128A1966ACA7006A8910 /* Foundation.framework in Frameworks */ = {isa = PBXBuildFile; fileRef = D21F12891966ACA7006A8910 /* Foundation.framework */; };
		D21F128C1966ACA7006A8910 /* CoreGraphics.framework in Frameworks */ = {isa = PBXBuildFile; fileRef = D21F128B1966ACA7006A8910 /* CoreGraphics.framework */; };
		D21F128E1966ACA7006A8910 /* UIKit.framework in Frameworks */ = {isa = PBXBuildFile; fileRef = D21F128D1966ACA7006A8910 /* UIKit.framework */; };
		D21F13041967091C006A8910 /* TUSKXMPPLIB.framework in Frameworks */ = {isa = PBXBuildFile; fileRef = D21F13031967091C006A8910 /* TUSKXMPPLIB.framework */; };
		D21F130619670933006A8910 /* Security.framework in Frameworks */ = {isa = PBXBuildFile; fileRef = D21F130519670933006A8910 /* Security.framework */; };
		D21F13081967093F006A8910 /* CFNetwork.framework in Frameworks */ = {isa = PBXBuildFile; fileRef = D21F13071967093F006A8910 /* CFNetwork.framework */; };
		D21F130A19670954006A8910 /* CoreLocation.framework in Frameworks */ = {isa = PBXBuildFile; fileRef = D21F130919670954006A8910 /* CoreLocation.framework */; };
		D21F130C19670964006A8910 /* libxml2.dylib in Frameworks */ = {isa = PBXBuildFile; fileRef = D21F130B19670964006A8910 /* libxml2.dylib */; };
		D21F130E19670979006A8910 /* SystemConfiguration.framework in Frameworks */ = {isa = PBXBuildFile; fileRef = D21F130D19670979006A8910 /* SystemConfiguration.framework */; };
		D21F13101967097F006A8910 /* CoreData.framework in Frameworks */ = {isa = PBXBuildFile; fileRef = D21F130F1967097F006A8910 /* CoreData.framework */; };
		D21F13121967099C006A8910 /* libresolv.dylib in Frameworks */ = {isa = PBXBuildFile; fileRef = D21F13111967099C006A8910 /* libresolv.dylib */; };
		D24C054F1993E5BF00200C76 /* received_message.wav in Resources */ = {isa = PBXBuildFile; fileRef = D24C054D1993E5BF00200C76 /* received_message.wav */; };
		D24C05501993E5BF00200C76 /* send_message.aif in Resources */ = {isa = PBXBuildFile; fileRef = D24C054E1993E5BF00200C76 /* send_message.aif */; };
		D261619C19703151002B77C7 /* TCChatConversationViewController.m in Sources */ = {isa = PBXBuildFile; fileRef = D261619B19703151002B77C7 /* TCChatConversationViewController.m */; };
		D26161A119703BB1002B77C7 /* MBProgressHUD.m in Sources */ = {isa = PBXBuildFile; fileRef = D26161A019703BB1002B77C7 /* MBProgressHUD.m */; };
		D26161A519703CB4002B77C7 /* TCEmoticonViewController.m in Sources */ = {isa = PBXBuildFile; fileRef = D26161A419703CB4002B77C7 /* TCEmoticonViewController.m */; };
		D26161A919703DA9002B77C7 /* TCEmoticonTableViewCell.m in Sources */ = {isa = PBXBuildFile; fileRef = D26161A819703DA9002B77C7 /* TCEmoticonTableViewCell.m */; };
		D26161AB19703F0D002B77C7 /* TC_EmoticonSymbols.plist in Resources */ = {isa = PBXBuildFile; fileRef = D26161AA19703F0D002B77C7 /* TC_EmoticonSymbols.plist */; };
		D26161B0197041F3002B77C7 /* TCMyChatCell.m in Sources */ = {isa = PBXBuildFile; fileRef = D26161AF197041F3002B77C7 /* TCMyChatCell.m */; };
		D26161B319704209002B77C7 /* TCFriendChatCell.m in Sources */ = {isa = PBXBuildFile; fileRef = D26161B219704209002B77C7 /* TCFriendChatCell.m */; };
		D26161B719708FE5002B77C7 /* TCAPIMethods.m in Sources */ = {isa = PBXBuildFile; fileRef = D26161B619708FE5002B77C7 /* TCAPIMethods.m */; };
		D26161BB19709288002B77C7 /* UIColor+HexToRgb.m in Sources */ = {isa = PBXBuildFile; fileRef = D26161BA19709288002B77C7 /* UIColor+HexToRgb.m */; };
		D261658919709D9D002B77C7 /* SORelativeDateTransformer.bundle in Resources */ = {isa = PBXBuildFile; fileRef = D261658619709D9D002B77C7 /* SORelativeDateTransformer.bundle */; };
		D261658A19709D9D002B77C7 /* SORelativeDateTransformer.m in Sources */ = {isa = PBXBuildFile; fileRef = D261658819709D9D002B77C7 /* SORelativeDateTransformer.m */; };
		D2798D84196B368D008F77F9 /* TCFriendsViewController.m in Sources */ = {isa = PBXBuildFile; fileRef = D2798D83196B368D008F77F9 /* TCFriendsViewController.m */; };
		D2798D8A196B48E6008F77F9 /* TCFriendsTableViewCell.m in Sources */ = {isa = PBXBuildFile; fileRef = D2798D88196B48E6008F77F9 /* TCFriendsTableViewCell.m */; };
		D2798D8B196B48E6008F77F9 /* TCFriendsTableViewCell.xib in Resources */ = {isa = PBXBuildFile; fileRef = D2798D89196B48E6008F77F9 /* TCFriendsTableViewCell.xib */; };
		D2798D8E196B58D7008F77F9 /* placeholder_profile.png in Resources */ = {isa = PBXBuildFile; fileRef = D2798D8D196B58D7008F77F9 /* placeholder_profile.png */; };
		D2798DCA196B692D008F77F9 /* AFHTTPClient.m in Sources */ = {isa = PBXBuildFile; fileRef = D2798DB8196B692D008F77F9 /* AFHTTPClient.m */; };
		D2798DCB196B692D008F77F9 /* AFHTTPRequestOperation.m in Sources */ = {isa = PBXBuildFile; fileRef = D2798DBA196B692D008F77F9 /* AFHTTPRequestOperation.m */; };
		D2798DCC196B692D008F77F9 /* AFImageRequestOperation.m in Sources */ = {isa = PBXBuildFile; fileRef = D2798DBC196B692D008F77F9 /* AFImageRequestOperation.m */; };
		D2798DCD196B692D008F77F9 /* AFJSONRequestOperation.m in Sources */ = {isa = PBXBuildFile; fileRef = D2798DBE196B692D008F77F9 /* AFJSONRequestOperation.m */; };
		D2798DCE196B692D008F77F9 /* AFNetworkActivityIndicatorManager.m in Sources */ = {isa = PBXBuildFile; fileRef = D2798DC0196B692D008F77F9 /* AFNetworkActivityIndicatorManager.m */; };
		D2798DCF196B692D008F77F9 /* AFPropertyListRequestOperation.m in Sources */ = {isa = PBXBuildFile; fileRef = D2798DC3196B692D008F77F9 /* AFPropertyListRequestOperation.m */; };
		D2798DD0196B692D008F77F9 /* AFURLConnectionOperation.m in Sources */ = {isa = PBXBuildFile; fileRef = D2798DC5196B692D008F77F9 /* AFURLConnectionOperation.m */; };
		D2798DD1196B692D008F77F9 /* AFXMLRequestOperation.m in Sources */ = {isa = PBXBuildFile; fileRef = D2798DC7196B692D008F77F9 /* AFXMLRequestOperation.m */; };
		D2798DD2196B692D008F77F9 /* UIImageView+AFNetworking.m in Sources */ = {isa = PBXBuildFile; fileRef = D2798DC9196B692D008F77F9 /* UIImageView+AFNetworking.m */; };
		D2798DDB196C44A0008F77F9 /* TChatModel.xcdatamodeld in Sources */ = {isa = PBXBuildFile; fileRef = D2798DD9196C44A0008F77F9 /* TChatModel.xcdatamodeld */; };
		D2798DDF196C45AA008F77F9 /* Chat.m in Sources */ = {isa = PBXBuildFile; fileRef = D2798DDE196C45AA008F77F9 /* Chat.m */; };
		D2798DE6196CA62F008F77F9 /* NSDate+Utilities.m in Sources */ = {isa = PBXBuildFile; fileRef = D2798DE5196CA62F008F77F9 /* NSDate+Utilities.m */; };
		D2798DEA196CA73B008F77F9 /* TCUtility.m in Sources */ = {isa = PBXBuildFile; fileRef = D2798DE9196CA73B008F77F9 /* TCUtility.m */; };
		D2798DF2196CAD83008F77F9 /* TCRecentChatTableViewCell.m in Sources */ = {isa = PBXBuildFile; fileRef = D2798DF0196CAD83008F77F9 /* TCRecentChatTableViewCell.m */; };
		D2798DF3196CAD83008F77F9 /* TCRecentChatTableViewCell.xib in Resources */ = {isa = PBXBuildFile; fileRef = D2798DF1196CAD83008F77F9 /* TCRecentChatTableViewCell.xib */; };
		D2CAF13F1981931900DAEB3B /* Room.m in Sources */ = {isa = PBXBuildFile; fileRef = D2CAF13E1981931900DAEB3B /* Room.m */; };
		D2CAF1421981BA5D00DAEB3B /* TCCreateGroupViewController.m in Sources */ = {isa = PBXBuildFile; fileRef = D2CAF1411981BA5D00DAEB3B /* TCCreateGroupViewController.m */; };
		D2CAF14D1983F39B00DAEB3B /* TCCustomNavBar.m in Sources */ = {isa = PBXBuildFile; fileRef = D2CAF14C1983F39B00DAEB3B /* TCCustomNavBar.m */; };
		D2CAF1521985984600DAEB3B /* TCGroupChatViewController.m in Sources */ = {isa = PBXBuildFile; fileRef = D2CAF1511985984600DAEB3B /* TCGroupChatViewController.m */; };
		D2E8A3561976B5AC006CD97E /* KeychainItemWrapper.m in Sources */ = {isa = PBXBuildFile; fileRef = D2E8A3551976B5AC006CD97E /* KeychainItemWrapper.m */; settings = {COMPILER_FLAGS = "-fno-objc-arc"; }; };
		D2E8A35B19788606006CD97E /* RecentChat.m in Sources */ = {isa = PBXBuildFile; fileRef = D2E8A35A19788606006CD97E /* RecentChat.m */; };
/* End PBXBuildFile section */

/* Begin PBXFileReference section */
		4FC0D2111968C7170055812C /* Base */ = {isa = PBXFileReference; lastKnownFileType = file.storyboard; name = Base; path = Base.lproj/Main_iPad.storyboard; sourceTree = "<group>"; };
		4FC0D2131968C7170055812C /* Base */ = {isa = PBXFileReference; lastKnownFileType = file.storyboard; name = Base; path = Base.lproj/Main_iPhone.storyboard; sourceTree = "<group>"; };
		4FC0D2161968C7170055812C /* TCConstants.h */ = {isa = PBXFileReference; fileEncoding = 4; lastKnownFileType = sourcecode.c.h; path = TCConstants.h; sourceTree = "<group>"; };
		4FC0D2171968C7170055812C /* TCConstants.m */ = {isa = PBXFileReference; fileEncoding = 4; lastKnownFileType = sourcecode.c.objc; path = TCConstants.m; sourceTree = "<group>"; };
		4FC0D21A1968C7170055812C /* TCLoginViewController.h */ = {isa = PBXFileReference; fileEncoding = 4; lastKnownFileType = sourcecode.c.h; path = TCLoginViewController.h; sourceTree = "<group>"; };
		4FC0D21B1968C7170055812C /* TCLoginViewController.m */ = {isa = PBXFileReference; fileEncoding = 4; lastKnownFileType = sourcecode.c.objc; path = TCLoginViewController.m; sourceTree = "<group>"; };
		4FC0D21E1968C7170055812C /* TCGroupsViewController.h */ = {isa = PBXFileReference; fileEncoding = 4; lastKnownFileType = sourcecode.c.h; path = TCGroupsViewController.h; sourceTree = "<group>"; };
		4FC0D21F1968C7170055812C /* TCGroupsViewController.m */ = {isa = PBXFileReference; fileEncoding = 4; lastKnownFileType = sourcecode.c.objc; path = TCGroupsViewController.m; sourceTree = "<group>"; };
		4FC0D2211968C7170055812C /* TCRecentsViewController.h */ = {isa = PBXFileReference; fileEncoding = 4; lastKnownFileType = sourcecode.c.h; path = TCRecentsViewController.h; sourceTree = "<group>"; };
		4FC0D2221968C7170055812C /* TCRecentsViewController.m */ = {isa = PBXFileReference; fileEncoding = 4; lastKnownFileType = sourcecode.c.objc; path = TCRecentsViewController.m; sourceTree = "<group>"; };
		4FC0D2241968C7170055812C /* TCSettingsViewController.h */ = {isa = PBXFileReference; fileEncoding = 4; lastKnownFileType = sourcecode.c.h; path = TCSettingsViewController.h; sourceTree = "<group>"; };
		4FC0D2251968C7170055812C /* TCSettingsViewController.m */ = {isa = PBXFileReference; fileEncoding = 4; lastKnownFileType = sourcecode.c.objc; path = TCSettingsViewController.m; sourceTree = "<group>"; };
		4FC0D2261968C7170055812C /* TCTabBarController.h */ = {isa = PBXFileReference; fileEncoding = 4; lastKnownFileType = sourcecode.c.h; path = TCTabBarController.h; sourceTree = "<group>"; };
		4FC0D2271968C7170055812C /* TCTabBarController.m */ = {isa = PBXFileReference; fileEncoding = 4; lastKnownFileType = sourcecode.c.objc; path = TCTabBarController.m; sourceTree = "<group>"; };
		4FC0D22B1968C7170055812C /* UITextField+PaddingText.h */ = {isa = PBXFileReference; fileEncoding = 4; lastKnownFileType = sourcecode.c.h; path = "UITextField+PaddingText.h"; sourceTree = "<group>"; };
		4FC0D22C1968C7170055812C /* UITextField+PaddingText.m */ = {isa = PBXFileReference; fileEncoding = 4; lastKnownFileType = sourcecode.c.objc; path = "UITextField+PaddingText.m"; sourceTree = "<group>"; };
		4FC0D22E1968C7170055812C /* TCChatConnectionProtocol.h */ = {isa = PBXFileReference; fileEncoding = 4; lastKnownFileType = sourcecode.c.h; path = TCChatConnectionProtocol.h; sourceTree = "<group>"; };
		4FC0D2301968C7180055812C /* XMPPCapabilities.xcdatamodel */ = {isa = PBXFileReference; lastKnownFileType = wrapper.xcdatamodel; path = XMPPCapabilities.xcdatamodel; sourceTree = "<group>"; };
		4FC0D2311968C7180055812C /* XMPPMessageArchiving.xcdatamodel */ = {isa = PBXFileReference; lastKnownFileType = wrapper.xcdatamodel; path = XMPPMessageArchiving.xcdatamodel; sourceTree = "<group>"; };
		4FC0D2321968C7180055812C /* XMPPRoom.xcdatamodel */ = {isa = PBXFileReference; lastKnownFileType = wrapper.xcdatamodel; path = XMPPRoom.xcdatamodel; sourceTree = "<group>"; };
		4FC0D2331968C7180055812C /* XMPPRoomHybrid.xcdatamodel */ = {isa = PBXFileReference; lastKnownFileType = wrapper.xcdatamodel; path = XMPPRoomHybrid.xcdatamodel; sourceTree = "<group>"; };
		4FC0D2341968C7180055812C /* XMPPRoster.xcdatamodel */ = {isa = PBXFileReference; lastKnownFileType = wrapper.xcdatamodel; path = XMPPRoster.xcdatamodel; sourceTree = "<group>"; };
		4FC0D2351968C7180055812C /* XMPPvCard.xcdatamodel */ = {isa = PBXFileReference; lastKnownFileType = wrapper.xcdatamodel; path = XMPPvCard.xcdatamodel; sourceTree = "<group>"; };
		4FC0D2371968C7180055812C /* en */ = {isa = PBXFileReference; lastKnownFileType = text.plist.strings; name = en; path = en.lproj/InfoPlist.strings; sourceTree = "<group>"; };
		4FC0D23B1968C7180055812C /* groups_button@2x.png */ = {isa = PBXFileReference; lastKnownFileType = image.png; path = "groups_button@2x.png"; sourceTree = "<group>"; };
		4FC0D23D1968C7180055812C /* setting-button@2x.png */ = {isa = PBXFileReference; lastKnownFileType = image.png; path = "setting-button@2x.png"; sourceTree = "<group>"; };
		4FC0D23E1968C7180055812C /* Images.xcassets */ = {isa = PBXFileReference; lastKnownFileType = folder.assetcatalog; name = Images.xcassets; path = TChat/Images.xcassets; sourceTree = SOURCE_ROOT; };
		4FC0D23F1968C7180055812C /* main.m */ = {isa = PBXFileReference; fileEncoding = 4; lastKnownFileType = sourcecode.c.objc; path = main.m; sourceTree = "<group>"; };
		4FC0D2401968C7180055812C /* TCAppDelegate.h */ = {isa = PBXFileReference; fileEncoding = 4; lastKnownFileType = sourcecode.c.h; name = TCAppDelegate.h; path = ../TCAppDelegate.h; sourceTree = "<group>"; };
		4FC0D2411968C7180055812C /* TCAppDelegate.m */ = {isa = PBXFileReference; fileEncoding = 4; lastKnownFileType = sourcecode.c.objc; name = TCAppDelegate.m; path = ../TCAppDelegate.m; sourceTree = "<group>"; };
		4FC0D2421968C7180055812C /* TChat-Info.plist */ = {isa = PBXFileReference; fileEncoding = 4; lastKnownFileType = text.plist.xml; path = "TChat-Info.plist"; sourceTree = "<group>"; };
		4FC0D2431968C7180055812C /* TChat-Prefix.pch */ = {isa = PBXFileReference; fileEncoding = 4; lastKnownFileType = sourcecode.c.h; path = "TChat-Prefix.pch"; sourceTree = "<group>"; };
		D203EA6619680B1E00669326 /* AVFoundation.framework */ = {isa = PBXFileReference; lastKnownFileType = wrapper.framework; name = AVFoundation.framework; path = System/Library/Frameworks/AVFoundation.framework; sourceTree = SDKROOT; };
		D203EA6819680B3900669326 /* QuartzCore.framework */ = {isa = PBXFileReference; lastKnownFileType = wrapper.framework; name = QuartzCore.framework; path = System/Library/Frameworks/QuartzCore.framework; sourceTree = SDKROOT; };
		D203EA6A19680B4D00669326 /* MobileCoreServices.framework */ = {isa = PBXFileReference; lastKnownFileType = wrapper.framework; name = MobileCoreServices.framework; path = System/Library/Frameworks/MobileCoreServices.framework; sourceTree = SDKROOT; };
		D219860D198E7EFD00078382 /* chatrooms@2x.png */ = {isa = PBXFileReference; lastKnownFileType = image.png; path = "chatrooms@2x.png"; sourceTree = "<group>"; };
		D219860F198E7F7F00078382 /* friends@2x.png */ = {isa = PBXFileReference; lastKnownFileType = image.png; path = "friends@2x.png"; sourceTree = "<group>"; };
		D2198611198E7FA200078382 /* recents@2x.png */ = {isa = PBXFileReference; lastKnownFileType = image.png; path = "recents@2x.png"; sourceTree = "<group>"; };
		D2198614198E809100078382 /* TCChatroomsViewController.h */ = {isa = PBXFileReference; fileEncoding = 4; lastKnownFileType = sourcecode.c.h; path = TCChatroomsViewController.h; sourceTree = "<group>"; };
		D2198615198E809100078382 /* TCChatroomsViewController.m */ = {isa = PBXFileReference; fileEncoding = 4; lastKnownFileType = sourcecode.c.objc; path = TCChatroomsViewController.m; sourceTree = "<group>"; };
		D2198618198E854300078382 /* TCUserStatusCell.h */ = {isa = PBXFileReference; fileEncoding = 4; lastKnownFileType = sourcecode.c.h; path = TCUserStatusCell.h; sourceTree = "<group>"; };
		D2198619198E854300078382 /* TCUserStatusCell.m */ = {isa = PBXFileReference; fileEncoding = 4; lastKnownFileType = sourcecode.c.objc; path = TCUserStatusCell.m; sourceTree = "<group>"; };
		D21CE98C19680D9D006E19C6 /* libz.1.2.5.dylib */ = {isa = PBXFileReference; lastKnownFileType = "compiled.mach-o.dylib"; name = libz.1.2.5.dylib; path = usr/lib/libz.1.2.5.dylib; sourceTree = SDKROOT; };
		D21CE98E19680DB8006E19C6 /* CoreText.framework */ = {isa = PBXFileReference; lastKnownFileType = wrapper.framework; name = CoreText.framework; path = System/Library/Frameworks/CoreText.framework; sourceTree = SDKROOT; };
		D21CE99019680DC2006E19C6 /* ImageIO.framework */ = {isa = PBXFileReference; lastKnownFileType = wrapper.framework; name = ImageIO.framework; path = System/Library/Frameworks/ImageIO.framework; sourceTree = SDKROOT; };
		D21F12861966ACA7006A8910 /* TChat.app */ = {isa = PBXFileReference; explicitFileType = wrapper.application; includeInIndex = 0; path = TChat.app; sourceTree = BUILT_PRODUCTS_DIR; };
		D21F12891966ACA7006A8910 /* Foundation.framework */ = {isa = PBXFileReference; lastKnownFileType = wrapper.framework; name = Foundation.framework; path = System/Library/Frameworks/Foundation.framework; sourceTree = SDKROOT; };
		D21F128B1966ACA7006A8910 /* CoreGraphics.framework */ = {isa = PBXFileReference; lastKnownFileType = wrapper.framework; name = CoreGraphics.framework; path = System/Library/Frameworks/CoreGraphics.framework; sourceTree = SDKROOT; };
		D21F128D1966ACA7006A8910 /* UIKit.framework */ = {isa = PBXFileReference; lastKnownFileType = wrapper.framework; name = UIKit.framework; path = System/Library/Frameworks/UIKit.framework; sourceTree = SDKROOT; };
		D21F12AB1966ACA8006A8910 /* XCTest.framework */ = {isa = PBXFileReference; lastKnownFileType = wrapper.framework; name = XCTest.framework; path = Library/Frameworks/XCTest.framework; sourceTree = DEVELOPER_DIR; };
		D21F13031967091C006A8910 /* TUSKXMPPLIB.framework */ = {isa = PBXFileReference; lastKnownFileType = wrapper.framework; name = TUSKXMPPLIB.framework; path = XMPPFramework/TUSKXMPPLIB.framework; sourceTree = "<group>"; };
		D21F130519670933006A8910 /* Security.framework */ = {isa = PBXFileReference; lastKnownFileType = wrapper.framework; name = Security.framework; path = System/Library/Frameworks/Security.framework; sourceTree = SDKROOT; };
		D21F13071967093F006A8910 /* CFNetwork.framework */ = {isa = PBXFileReference; lastKnownFileType = wrapper.framework; name = CFNetwork.framework; path = System/Library/Frameworks/CFNetwork.framework; sourceTree = SDKROOT; };
		D21F130919670954006A8910 /* CoreLocation.framework */ = {isa = PBXFileReference; lastKnownFileType = wrapper.framework; name = CoreLocation.framework; path = System/Library/Frameworks/CoreLocation.framework; sourceTree = SDKROOT; };
		D21F130B19670964006A8910 /* libxml2.dylib */ = {isa = PBXFileReference; lastKnownFileType = "compiled.mach-o.dylib"; name = libxml2.dylib; path = usr/lib/libxml2.dylib; sourceTree = SDKROOT; };
		D21F130D19670979006A8910 /* SystemConfiguration.framework */ = {isa = PBXFileReference; lastKnownFileType = wrapper.framework; name = SystemConfiguration.framework; path = System/Library/Frameworks/SystemConfiguration.framework; sourceTree = SDKROOT; };
		D21F130F1967097F006A8910 /* CoreData.framework */ = {isa = PBXFileReference; lastKnownFileType = wrapper.framework; name = CoreData.framework; path = System/Library/Frameworks/CoreData.framework; sourceTree = SDKROOT; };
		D21F13111967099C006A8910 /* libresolv.dylib */ = {isa = PBXFileReference; lastKnownFileType = "compiled.mach-o.dylib"; name = libresolv.dylib; path = usr/lib/libresolv.dylib; sourceTree = SDKROOT; };
		D24C054D1993E5BF00200C76 /* received_message.wav */ = {isa = PBXFileReference; lastKnownFileType = audio.wav; path = received_message.wav; sourceTree = "<group>"; };
		D24C054E1993E5BF00200C76 /* send_message.aif */ = {isa = PBXFileReference; lastKnownFileType = file; path = send_message.aif; sourceTree = "<group>"; };
		D261619A19703151002B77C7 /* TCChatConversationViewController.h */ = {isa = PBXFileReference; fileEncoding = 4; lastKnownFileType = sourcecode.c.h; path = TCChatConversationViewController.h; sourceTree = "<group>"; };
		D261619B19703151002B77C7 /* TCChatConversationViewController.m */ = {isa = PBXFileReference; fileEncoding = 4; lastKnownFileType = sourcecode.c.objc; path = TCChatConversationViewController.m; sourceTree = "<group>"; };
		D261619D19703B2A002B77C7 /* TCChatMessageProtocol.h */ = {isa = PBXFileReference; fileEncoding = 4; lastKnownFileType = sourcecode.c.h; path = TCChatMessageProtocol.h; sourceTree = "<group>"; };
		D261619F19703BB1002B77C7 /* MBProgressHUD.h */ = {isa = PBXFileReference; fileEncoding = 4; lastKnownFileType = sourcecode.c.h; path = MBProgressHUD.h; sourceTree = "<group>"; };
		D26161A019703BB1002B77C7 /* MBProgressHUD.m */ = {isa = PBXFileReference; fileEncoding = 4; lastKnownFileType = sourcecode.c.objc; path = MBProgressHUD.m; sourceTree = "<group>"; };
		D26161A319703CB4002B77C7 /* TCEmoticonViewController.h */ = {isa = PBXFileReference; fileEncoding = 4; lastKnownFileType = sourcecode.c.h; path = TCEmoticonViewController.h; sourceTree = "<group>"; };
		D26161A419703CB4002B77C7 /* TCEmoticonViewController.m */ = {isa = PBXFileReference; fileEncoding = 4; lastKnownFileType = sourcecode.c.objc; path = TCEmoticonViewController.m; sourceTree = "<group>"; };
		D26161A719703DA9002B77C7 /* TCEmoticonTableViewCell.h */ = {isa = PBXFileReference; fileEncoding = 4; lastKnownFileType = sourcecode.c.h; path = TCEmoticonTableViewCell.h; sourceTree = "<group>"; };
		D26161A819703DA9002B77C7 /* TCEmoticonTableViewCell.m */ = {isa = PBXFileReference; fileEncoding = 4; lastKnownFileType = sourcecode.c.objc; path = TCEmoticonTableViewCell.m; sourceTree = "<group>"; };
		D26161AA19703F0D002B77C7 /* TC_EmoticonSymbols.plist */ = {isa = PBXFileReference; fileEncoding = 4; lastKnownFileType = text.plist.xml; path = TC_EmoticonSymbols.plist; sourceTree = "<group>"; };
		D26161AE197041F3002B77C7 /* TCMyChatCell.h */ = {isa = PBXFileReference; fileEncoding = 4; lastKnownFileType = sourcecode.c.h; path = TCMyChatCell.h; sourceTree = "<group>"; };
		D26161AF197041F3002B77C7 /* TCMyChatCell.m */ = {isa = PBXFileReference; fileEncoding = 4; lastKnownFileType = sourcecode.c.objc; path = TCMyChatCell.m; sourceTree = "<group>"; };
		D26161B119704209002B77C7 /* TCFriendChatCell.h */ = {isa = PBXFileReference; fileEncoding = 4; lastKnownFileType = sourcecode.c.h; path = TCFriendChatCell.h; sourceTree = "<group>"; };
		D26161B219704209002B77C7 /* TCFriendChatCell.m */ = {isa = PBXFileReference; fileEncoding = 4; lastKnownFileType = sourcecode.c.objc; path = TCFriendChatCell.m; sourceTree = "<group>"; };
		D26161B519708FE5002B77C7 /* TCAPIMethods.h */ = {isa = PBXFileReference; fileEncoding = 4; lastKnownFileType = sourcecode.c.h; path = TCAPIMethods.h; sourceTree = "<group>"; };
		D26161B619708FE5002B77C7 /* TCAPIMethods.m */ = {isa = PBXFileReference; fileEncoding = 4; lastKnownFileType = sourcecode.c.objc; path = TCAPIMethods.m; sourceTree = "<group>"; };
		D26161B919709288002B77C7 /* UIColor+HexToRgb.h */ = {isa = PBXFileReference; fileEncoding = 4; lastKnownFileType = sourcecode.c.h; path = "UIColor+HexToRgb.h"; sourceTree = "<group>"; };
		D26161BA19709288002B77C7 /* UIColor+HexToRgb.m */ = {isa = PBXFileReference; fileEncoding = 4; lastKnownFileType = sourcecode.c.objc; path = "UIColor+HexToRgb.m"; sourceTree = "<group>"; };
		D261658619709D9D002B77C7 /* SORelativeDateTransformer.bundle */ = {isa = PBXFileReference; lastKnownFileType = "wrapper.plug-in"; path = SORelativeDateTransformer.bundle; sourceTree = "<group>"; };
		D261658719709D9D002B77C7 /* SORelativeDateTransformer.h */ = {isa = PBXFileReference; fileEncoding = 4; lastKnownFileType = sourcecode.c.h; path = SORelativeDateTransformer.h; sourceTree = "<group>"; };
		D261658819709D9D002B77C7 /* SORelativeDateTransformer.m */ = {isa = PBXFileReference; fileEncoding = 4; lastKnownFileType = sourcecode.c.objc; path = SORelativeDateTransformer.m; sourceTree = "<group>"; };
		D2798D82196B368D008F77F9 /* TCFriendsViewController.h */ = {isa = PBXFileReference; fileEncoding = 4; lastKnownFileType = sourcecode.c.h; path = TCFriendsViewController.h; sourceTree = "<group>"; };
		D2798D83196B368D008F77F9 /* TCFriendsViewController.m */ = {isa = PBXFileReference; fileEncoding = 4; lastKnownFileType = sourcecode.c.objc; path = TCFriendsViewController.m; sourceTree = "<group>"; };
		D2798D87196B48E6008F77F9 /* TCFriendsTableViewCell.h */ = {isa = PBXFileReference; fileEncoding = 4; lastKnownFileType = sourcecode.c.h; path = TCFriendsTableViewCell.h; sourceTree = "<group>"; };
		D2798D88196B48E6008F77F9 /* TCFriendsTableViewCell.m */ = {isa = PBXFileReference; fileEncoding = 4; lastKnownFileType = sourcecode.c.objc; path = TCFriendsTableViewCell.m; sourceTree = "<group>"; };
		D2798D89196B48E6008F77F9 /* TCFriendsTableViewCell.xib */ = {isa = PBXFileReference; fileEncoding = 4; lastKnownFileType = file.xib; path = TCFriendsTableViewCell.xib; sourceTree = "<group>"; };
		D2798D8D196B58D7008F77F9 /* placeholder_profile.png */ = {isa = PBXFileReference; lastKnownFileType = image.png; path = placeholder_profile.png; sourceTree = "<group>"; };
		D2798DB7196B692D008F77F9 /* AFHTTPClient.h */ = {isa = PBXFileReference; fileEncoding = 4; lastKnownFileType = sourcecode.c.h; path = AFHTTPClient.h; sourceTree = "<group>"; };
		D2798DB8196B692D008F77F9 /* AFHTTPClient.m */ = {isa = PBXFileReference; fileEncoding = 4; lastKnownFileType = sourcecode.c.objc; path = AFHTTPClient.m; sourceTree = "<group>"; };
		D2798DB9196B692D008F77F9 /* AFHTTPRequestOperation.h */ = {isa = PBXFileReference; fileEncoding = 4; lastKnownFileType = sourcecode.c.h; path = AFHTTPRequestOperation.h; sourceTree = "<group>"; };
		D2798DBA196B692D008F77F9 /* AFHTTPRequestOperation.m */ = {isa = PBXFileReference; fileEncoding = 4; lastKnownFileType = sourcecode.c.objc; path = AFHTTPRequestOperation.m; sourceTree = "<group>"; };
		D2798DBB196B692D008F77F9 /* AFImageRequestOperation.h */ = {isa = PBXFileReference; fileEncoding = 4; lastKnownFileType = sourcecode.c.h; path = AFImageRequestOperation.h; sourceTree = "<group>"; };
		D2798DBC196B692D008F77F9 /* AFImageRequestOperation.m */ = {isa = PBXFileReference; fileEncoding = 4; lastKnownFileType = sourcecode.c.objc; path = AFImageRequestOperation.m; sourceTree = "<group>"; };
		D2798DBD196B692D008F77F9 /* AFJSONRequestOperation.h */ = {isa = PBXFileReference; fileEncoding = 4; lastKnownFileType = sourcecode.c.h; path = AFJSONRequestOperation.h; sourceTree = "<group>"; };
		D2798DBE196B692D008F77F9 /* AFJSONRequestOperation.m */ = {isa = PBXFileReference; fileEncoding = 4; lastKnownFileType = sourcecode.c.objc; path = AFJSONRequestOperation.m; sourceTree = "<group>"; };
		D2798DBF196B692D008F77F9 /* AFNetworkActivityIndicatorManager.h */ = {isa = PBXFileReference; fileEncoding = 4; lastKnownFileType = sourcecode.c.h; path = AFNetworkActivityIndicatorManager.h; sourceTree = "<group>"; };
		D2798DC0196B692D008F77F9 /* AFNetworkActivityIndicatorManager.m */ = {isa = PBXFileReference; fileEncoding = 4; lastKnownFileType = sourcecode.c.objc; path = AFNetworkActivityIndicatorManager.m; sourceTree = "<group>"; };
		D2798DC1196B692D008F77F9 /* AFNetworking.h */ = {isa = PBXFileReference; fileEncoding = 4; lastKnownFileType = sourcecode.c.h; path = AFNetworking.h; sourceTree = "<group>"; };
		D2798DC2196B692D008F77F9 /* AFPropertyListRequestOperation.h */ = {isa = PBXFileReference; fileEncoding = 4; lastKnownFileType = sourcecode.c.h; path = AFPropertyListRequestOperation.h; sourceTree = "<group>"; };
		D2798DC3196B692D008F77F9 /* AFPropertyListRequestOperation.m */ = {isa = PBXFileReference; fileEncoding = 4; lastKnownFileType = sourcecode.c.objc; path = AFPropertyListRequestOperation.m; sourceTree = "<group>"; };
		D2798DC4196B692D008F77F9 /* AFURLConnectionOperation.h */ = {isa = PBXFileReference; fileEncoding = 4; lastKnownFileType = sourcecode.c.h; path = AFURLConnectionOperation.h; sourceTree = "<group>"; };
		D2798DC5196B692D008F77F9 /* AFURLConnectionOperation.m */ = {isa = PBXFileReference; fileEncoding = 4; lastKnownFileType = sourcecode.c.objc; path = AFURLConnectionOperation.m; sourceTree = "<group>"; };
		D2798DC6196B692D008F77F9 /* AFXMLRequestOperation.h */ = {isa = PBXFileReference; fileEncoding = 4; lastKnownFileType = sourcecode.c.h; path = AFXMLRequestOperation.h; sourceTree = "<group>"; };
		D2798DC7196B692D008F77F9 /* AFXMLRequestOperation.m */ = {isa = PBXFileReference; fileEncoding = 4; lastKnownFileType = sourcecode.c.objc; path = AFXMLRequestOperation.m; sourceTree = "<group>"; };
		D2798DC8196B692D008F77F9 /* UIImageView+AFNetworking.h */ = {isa = PBXFileReference; fileEncoding = 4; lastKnownFileType = sourcecode.c.h; path = "UIImageView+AFNetworking.h"; sourceTree = "<group>"; };
		D2798DC9196B692D008F77F9 /* UIImageView+AFNetworking.m */ = {isa = PBXFileReference; fileEncoding = 4; lastKnownFileType = sourcecode.c.objc; path = "UIImageView+AFNetworking.m"; sourceTree = "<group>"; };
		D2798DDA196C44A0008F77F9 /* TChatModel.xcdatamodel */ = {isa = PBXFileReference; lastKnownFileType = wrapper.xcdatamodel; path = TChatModel.xcdatamodel; sourceTree = "<group>"; };
		D2798DDD196C45AA008F77F9 /* Chat.h */ = {isa = PBXFileReference; fileEncoding = 4; lastKnownFileType = sourcecode.c.h; path = Chat.h; sourceTree = "<group>"; };
		D2798DDE196C45AA008F77F9 /* Chat.m */ = {isa = PBXFileReference; fileEncoding = 4; lastKnownFileType = sourcecode.c.objc; path = Chat.m; sourceTree = "<group>"; };
		D2798DE2196C4A15008F77F9 /* TChatDefintions.h */ = {isa = PBXFileReference; fileEncoding = 4; lastKnownFileType = sourcecode.c.h; path = TChatDefintions.h; sourceTree = "<group>"; };
		D2798DE4196CA62F008F77F9 /* NSDate+Utilities.h */ = {isa = PBXFileReference; fileEncoding = 4; lastKnownFileType = sourcecode.c.h; path = "NSDate+Utilities.h"; sourceTree = "<group>"; };
		D2798DE5196CA62F008F77F9 /* NSDate+Utilities.m */ = {isa = PBXFileReference; fileEncoding = 4; lastKnownFileType = sourcecode.c.objc; path = "NSDate+Utilities.m"; sourceTree = "<group>"; };
		D2798DE8196CA73B008F77F9 /* TCUtility.h */ = {isa = PBXFileReference; fileEncoding = 4; lastKnownFileType = sourcecode.c.h; path = TCUtility.h; sourceTree = "<group>"; };
		D2798DE9196CA73B008F77F9 /* TCUtility.m */ = {isa = PBXFileReference; fileEncoding = 4; lastKnownFileType = sourcecode.c.objc; path = TCUtility.m; sourceTree = "<group>"; };
		D2798DEF196CAD83008F77F9 /* TCRecentChatTableViewCell.h */ = {isa = PBXFileReference; fileEncoding = 4; lastKnownFileType = sourcecode.c.h; path = TCRecentChatTableViewCell.h; sourceTree = "<group>"; };
		D2798DF0196CAD83008F77F9 /* TCRecentChatTableViewCell.m */ = {isa = PBXFileReference; fileEncoding = 4; lastKnownFileType = sourcecode.c.objc; path = TCRecentChatTableViewCell.m; sourceTree = "<group>"; };
		D2798DF1196CAD83008F77F9 /* TCRecentChatTableViewCell.xib */ = {isa = PBXFileReference; fileEncoding = 4; lastKnownFileType = file.xib; path = TCRecentChatTableViewCell.xib; sourceTree = "<group>"; };
		D2CAF13D1981931900DAEB3B /* Room.h */ = {isa = PBXFileReference; fileEncoding = 4; lastKnownFileType = sourcecode.c.h; path = Room.h; sourceTree = "<group>"; };
		D2CAF13E1981931900DAEB3B /* Room.m */ = {isa = PBXFileReference; fileEncoding = 4; lastKnownFileType = sourcecode.c.objc; path = Room.m; sourceTree = "<group>"; };
		D2CAF1401981BA5D00DAEB3B /* TCCreateGroupViewController.h */ = {isa = PBXFileReference; fileEncoding = 4; lastKnownFileType = sourcecode.c.h; path = TCCreateGroupViewController.h; sourceTree = "<group>"; };
		D2CAF1411981BA5D00DAEB3B /* TCCreateGroupViewController.m */ = {isa = PBXFileReference; fileEncoding = 4; lastKnownFileType = sourcecode.c.objc; path = TCCreateGroupViewController.m; sourceTree = "<group>"; };
		D2CAF14B1983F39B00DAEB3B /* TCCustomNavBar.h */ = {isa = PBXFileReference; fileEncoding = 4; lastKnownFileType = sourcecode.c.h; path = TCCustomNavBar.h; sourceTree = "<group>"; };
		D2CAF14C1983F39B00DAEB3B /* TCCustomNavBar.m */ = {isa = PBXFileReference; fileEncoding = 4; lastKnownFileType = sourcecode.c.objc; path = TCCustomNavBar.m; sourceTree = "<group>"; };
		D2CAF1501985984600DAEB3B /* TCGroupChatViewController.h */ = {isa = PBXFileReference; fileEncoding = 4; lastKnownFileType = sourcecode.c.h; path = TCGroupChatViewController.h; sourceTree = "<group>"; };
		D2CAF1511985984600DAEB3B /* TCGroupChatViewController.m */ = {isa = PBXFileReference; fileEncoding = 4; lastKnownFileType = sourcecode.c.objc; path = TCGroupChatViewController.m; sourceTree = "<group>"; };
		D2E8A3541976B5AC006CD97E /* KeychainItemWrapper.h */ = {isa = PBXFileReference; fileEncoding = 4; lastKnownFileType = sourcecode.c.h; path = KeychainItemWrapper.h; sourceTree = "<group>"; };
		D2E8A3551976B5AC006CD97E /* KeychainItemWrapper.m */ = {isa = PBXFileReference; fileEncoding = 4; lastKnownFileType = sourcecode.c.objc; path = KeychainItemWrapper.m; sourceTree = "<group>"; };
		D2E8A35919788606006CD97E /* RecentChat.h */ = {isa = PBXFileReference; fileEncoding = 4; lastKnownFileType = sourcecode.c.h; path = RecentChat.h; sourceTree = "<group>"; };
		D2E8A35A19788606006CD97E /* RecentChat.m */ = {isa = PBXFileReference; fileEncoding = 4; lastKnownFileType = sourcecode.c.objc; path = RecentChat.m; sourceTree = "<group>"; };
/* End PBXFileReference section */

/* Begin PBXFrameworksBuildPhase section */
		D21F12831966ACA7006A8910 /* Frameworks */ = {
			isa = PBXFrameworksBuildPhase;
			buildActionMask = 2147483647;
			files = (
				D21CE99119680DC2006E19C6 /* ImageIO.framework in Frameworks */,
				D21CE98F19680DB8006E19C6 /* CoreText.framework in Frameworks */,
				D21CE98D19680D9D006E19C6 /* libz.1.2.5.dylib in Frameworks */,
				D203EA6B19680B4D00669326 /* MobileCoreServices.framework in Frameworks */,
				D203EA6919680B3900669326 /* QuartzCore.framework in Frameworks */,
				D203EA6719680B1E00669326 /* AVFoundation.framework in Frameworks */,
				D21F13121967099C006A8910 /* libresolv.dylib in Frameworks */,
				D21F13101967097F006A8910 /* CoreData.framework in Frameworks */,
				D21F130E19670979006A8910 /* SystemConfiguration.framework in Frameworks */,
				D21F130C19670964006A8910 /* libxml2.dylib in Frameworks */,
				D21F130A19670954006A8910 /* CoreLocation.framework in Frameworks */,
				D21F13081967093F006A8910 /* CFNetwork.framework in Frameworks */,
				D21F130619670933006A8910 /* Security.framework in Frameworks */,
				D21F13041967091C006A8910 /* TUSKXMPPLIB.framework in Frameworks */,
				D21F128C1966ACA7006A8910 /* CoreGraphics.framework in Frameworks */,
				D21F128E1966ACA7006A8910 /* UIKit.framework in Frameworks */,
				D21F128A1966ACA7006A8910 /* Foundation.framework in Frameworks */,
			);
			runOnlyForDeploymentPostprocessing = 0;
		};
/* End PBXFrameworksBuildPhase section */

/* Begin PBXGroup section */
		4FC0D20F1968C7170055812C /* TChat */ = {
			isa = PBXGroup;
			children = (
				D24C054C1993E5BF00200C76 /* Sounds */,
				4FC0D2141968C7170055812C /* Classes */,
				4FC0D22F1968C7170055812C /* CoreDataModels */,
				4FC0D2381968C7180055812C /* Images */,
				D2798DE0196C466A008F77F9 /* Storyboard */,
				D2798DE1196C4681008F77F9 /* Supporting Files */,
			);
			path = TChat;
			sourceTree = "<group>";
		};
		4FC0D2141968C7170055812C /* Classes */ = {
			isa = PBXGroup;
			children = (
				D26161B419708F9D002B77C7 /* NetworkMethods */,
				D2798DE7196CA705008F77F9 /* HelperClasses */,
				D2798DDC196C4591008F77F9 /* Model */,
				D2798D93196B66D0008F77F9 /* Libs */,
				D2798D85196B4890008F77F9 /* CustomCells */,
				4FC0D2281968C7170055812C /* Extensions */,
				4FC0D22D1968C7170055812C /* Protocol */,
				4FC0D2151968C7170055812C /* Constants */,
				4FC0D2181968C7170055812C /* Controllers */,
				4FC0D2401968C7180055812C /* TCAppDelegate.h */,
				4FC0D2411968C7180055812C /* TCAppDelegate.m */,
			);
			path = Classes;
			sourceTree = "<group>";
		};
		4FC0D2151968C7170055812C /* Constants */ = {
			isa = PBXGroup;
			children = (
				4FC0D2161968C7170055812C /* TCConstants.h */,
				4FC0D2171968C7170055812C /* TCConstants.m */,
				D2798DE2196C4A15008F77F9 /* TChatDefintions.h */,
			);
			path = Constants;
			sourceTree = "<group>";
		};
		4FC0D2181968C7170055812C /* Controllers */ = {
			isa = PBXGroup;
			children = (
				D26161981970311B002B77C7 /* Common */,
				4FC0D2191968C7170055812C /* Login */,
				4FC0D21C1968C7170055812C /* TabBar */,
			);
			path = Controllers;
			sourceTree = "<group>";
		};
		4FC0D2191968C7170055812C /* Login */ = {
			isa = PBXGroup;
			children = (
				4FC0D21A1968C7170055812C /* TCLoginViewController.h */,
				4FC0D21B1968C7170055812C /* TCLoginViewController.m */,
			);
			path = Login;
			sourceTree = "<group>";
		};
		4FC0D21C1968C7170055812C /* TabBar */ = {
			isa = PBXGroup;
			children = (
				D2198613198E807300078382 /* Chatrooms */,
				D2798D81196B3668008F77F9 /* Friends */,
				4FC0D21D1968C7170055812C /* Groups */,
				4FC0D2201968C7170055812C /* Recents */,
				4FC0D2231968C7170055812C /* Settings */,
				4FC0D2261968C7170055812C /* TCTabBarController.h */,
				4FC0D2271968C7170055812C /* TCTabBarController.m */,
			);
			path = TabBar;
			sourceTree = "<group>";
		};
		4FC0D21D1968C7170055812C /* Groups */ = {
			isa = PBXGroup;
			children = (
				4FC0D21E1968C7170055812C /* TCGroupsViewController.h */,
				4FC0D21F1968C7170055812C /* TCGroupsViewController.m */,
				D2CAF1401981BA5D00DAEB3B /* TCCreateGroupViewController.h */,
				D2CAF1411981BA5D00DAEB3B /* TCCreateGroupViewController.m */,
			);
			path = Groups;
			sourceTree = "<group>";
		};
		4FC0D2201968C7170055812C /* Recents */ = {
			isa = PBXGroup;
			children = (
				4FC0D2211968C7170055812C /* TCRecentsViewController.h */,
				4FC0D2221968C7170055812C /* TCRecentsViewController.m */,
			);
			path = Recents;
			sourceTree = "<group>";
		};
		4FC0D2231968C7170055812C /* Settings */ = {
			isa = PBXGroup;
			children = (
				4FC0D2241968C7170055812C /* TCSettingsViewController.h */,
				4FC0D2251968C7170055812C /* TCSettingsViewController.m */,
			);
			path = Settings;
			sourceTree = "<group>";
		};
		4FC0D2281968C7170055812C /* Extensions */ = {
			isa = PBXGroup;
			children = (
				4FC0D2291968C7170055812C /* Categories */,
			);
			path = Extensions;
			sourceTree = "<group>";
		};
		4FC0D2291968C7170055812C /* Categories */ = {
			isa = PBXGroup;
			children = (
				D2CAF14A1983F39000DAEB3B /* CustomNavBar */,
				D26161B819709288002B77C7 /* UIColor */,
				D2798DE3196CA5FD008F77F9 /* NSDate */,
				4FC0D22A1968C7170055812C /* UITextField */,
			);
			path = Categories;
			sourceTree = "<group>";
		};
		4FC0D22A1968C7170055812C /* UITextField */ = {
			isa = PBXGroup;
			children = (
				4FC0D22B1968C7170055812C /* UITextField+PaddingText.h */,
				4FC0D22C1968C7170055812C /* UITextField+PaddingText.m */,
			);
			path = UITextField;
			sourceTree = "<group>";
		};
		4FC0D22D1968C7170055812C /* Protocol */ = {
			isa = PBXGroup;
			children = (
				4FC0D22E1968C7170055812C /* TCChatConnectionProtocol.h */,
				D261619D19703B2A002B77C7 /* TCChatMessageProtocol.h */,
			);
			path = Protocol;
			sourceTree = "<group>";
		};
		4FC0D22F1968C7170055812C /* CoreDataModels */ = {
			isa = PBXGroup;
			children = (
				4FC0D2301968C7180055812C /* XMPPCapabilities.xcdatamodel */,
				4FC0D2311968C7180055812C /* XMPPMessageArchiving.xcdatamodel */,
				4FC0D2321968C7180055812C /* XMPPRoom.xcdatamodel */,
				4FC0D2331968C7180055812C /* XMPPRoomHybrid.xcdatamodel */,
				4FC0D2341968C7180055812C /* XMPPRoster.xcdatamodel */,
				4FC0D2351968C7180055812C /* XMPPvCard.xcdatamodel */,
				D2798DD9196C44A0008F77F9 /* TChatModel.xcdatamodeld */,
			);
			path = CoreDataModels;
			sourceTree = "<group>";
		};
		4FC0D2381968C7180055812C /* Images */ = {
			isa = PBXGroup;
			children = (
				4FC0D23E1968C7180055812C /* Images.xcassets */,
				D2798D8C196B58D7008F77F9 /* Common */,
				4FC0D2391968C7180055812C /* Tab_Icons */,
			);
			path = Images;
			sourceTree = "<group>";
		};
		4FC0D2391968C7180055812C /* Tab_Icons */ = {
			isa = PBXGroup;
			children = (
				D2198611198E7FA200078382 /* recents@2x.png */,
				D219860F198E7F7F00078382 /* friends@2x.png */,
				D219860D198E7EFD00078382 /* chatrooms@2x.png */,
				4FC0D23B1968C7180055812C /* groups_button@2x.png */,
				4FC0D23D1968C7180055812C /* setting-button@2x.png */,
			);
			path = Tab_Icons;
			sourceTree = "<group>";
		};
		D2198613198E807300078382 /* Chatrooms */ = {
			isa = PBXGroup;
			children = (
				D2198614198E809100078382 /* TCChatroomsViewController.h */,
				D2198615198E809100078382 /* TCChatroomsViewController.m */,
			);
			path = Chatrooms;
			sourceTree = "<group>";
		};
		D2198617198E852200078382 /* UserStatusCell */ = {
			isa = PBXGroup;
			children = (
				D2198618198E854300078382 /* TCUserStatusCell.h */,
				D2198619198E854300078382 /* TCUserStatusCell.m */,
			);
			path = UserStatusCell;
			sourceTree = "<group>";
		};
		D21F127D1966ACA7006A8910 = {
			isa = PBXGroup;
			children = (
				4FC0D20F1968C7170055812C /* TChat */,
				D21F12881966ACA7006A8910 /* Frameworks */,
				D21F12871966ACA7006A8910 /* Products */,
			);
			sourceTree = "<group>";
		};
		D21F12871966ACA7006A8910 /* Products */ = {
			isa = PBXGroup;
			children = (
				D21F12861966ACA7006A8910 /* TChat.app */,
			);
			name = Products;
			sourceTree = "<group>";
		};
		D21F12881966ACA7006A8910 /* Frameworks */ = {
			isa = PBXGroup;
			children = (
				D21CE99019680DC2006E19C6 /* ImageIO.framework */,
				D21CE98E19680DB8006E19C6 /* CoreText.framework */,
				D21CE98C19680D9D006E19C6 /* libz.1.2.5.dylib */,
				D203EA6A19680B4D00669326 /* MobileCoreServices.framework */,
				D203EA6819680B3900669326 /* QuartzCore.framework */,
				D203EA6619680B1E00669326 /* AVFoundation.framework */,
				D21F13111967099C006A8910 /* libresolv.dylib */,
				D21F130F1967097F006A8910 /* CoreData.framework */,
				D21F130D19670979006A8910 /* SystemConfiguration.framework */,
				D21F130B19670964006A8910 /* libxml2.dylib */,
				D21F130919670954006A8910 /* CoreLocation.framework */,
				D21F13071967093F006A8910 /* CFNetwork.framework */,
				D21F130519670933006A8910 /* Security.framework */,
				D21F13031967091C006A8910 /* TUSKXMPPLIB.framework */,
				D21F12891966ACA7006A8910 /* Foundation.framework */,
				D21F128B1966ACA7006A8910 /* CoreGraphics.framework */,
				D21F128D1966ACA7006A8910 /* UIKit.framework */,
				D21F12AB1966ACA8006A8910 /* XCTest.framework */,
			);
			name = Frameworks;
			sourceTree = "<group>";
		};
		D24C054C1993E5BF00200C76 /* Sounds */ = {
			isa = PBXGroup;
			children = (
				D24C054D1993E5BF00200C76 /* received_message.wav */,
				D24C054E1993E5BF00200C76 /* send_message.aif */,
			);
			path = Sounds;
			sourceTree = "<group>";
		};
		D26161981970311B002B77C7 /* Common */ = {
			isa = PBXGroup;
			children = (
				D26161A219703C8F002B77C7 /* Emoticon */,
				D26161991970311B002B77C7 /* ChatConversation */,
			);
			path = Common;
			sourceTree = "<group>";
		};
		D26161991970311B002B77C7 /* ChatConversation */ = {
			isa = PBXGroup;
			children = (
				D2CAF14F198597B900DAEB3B /* Group_Chat */,
				D2CAF14E198597AA00DAEB3B /* Normal_Chat */,
			);
			path = ChatConversation;
			sourceTree = "<group>";
		};
		D261619E19703BB1002B77C7 /* MBProgressHUD */ = {
			isa = PBXGroup;
			children = (
				D261619F19703BB1002B77C7 /* MBProgressHUD.h */,
				D26161A019703BB1002B77C7 /* MBProgressHUD.m */,
			);
			path = MBProgressHUD;
			sourceTree = "<group>";
		};
		D26161A219703C8F002B77C7 /* Emoticon */ = {
			isa = PBXGroup;
			children = (
				D26161A319703CB4002B77C7 /* TCEmoticonViewController.h */,
				D26161A419703CB4002B77C7 /* TCEmoticonViewController.m */,
			);
			path = Emoticon;
			sourceTree = "<group>";
		};
		D26161A619703D21002B77C7 /* EmoticonCell */ = {
			isa = PBXGroup;
			children = (
				D26161A719703DA9002B77C7 /* TCEmoticonTableViewCell.h */,
				D26161A819703DA9002B77C7 /* TCEmoticonTableViewCell.m */,
			);
			path = EmoticonCell;
			sourceTree = "<group>";
		};
		D26161AC197041B7002B77C7 /* FriendChatCell */ = {
			isa = PBXGroup;
			children = (
				D26161B119704209002B77C7 /* TCFriendChatCell.h */,
				D26161B219704209002B77C7 /* TCFriendChatCell.m */,
			);
			path = FriendChatCell;
			sourceTree = "<group>";
		};
		D26161AD197041B7002B77C7 /* MyChatCell */ = {
			isa = PBXGroup;
			children = (
				D26161AE197041F3002B77C7 /* TCMyChatCell.h */,
				D26161AF197041F3002B77C7 /* TCMyChatCell.m */,
			);
			path = MyChatCell;
			sourceTree = "<group>";
		};
		D26161B419708F9D002B77C7 /* NetworkMethods */ = {
			isa = PBXGroup;
			children = (
				D26161B519708FE5002B77C7 /* TCAPIMethods.h */,
				D26161B619708FE5002B77C7 /* TCAPIMethods.m */,
			);
			path = NetworkMethods;
			sourceTree = "<group>";
		};
		D26161B819709288002B77C7 /* UIColor */ = {
			isa = PBXGroup;
			children = (
				D26161B919709288002B77C7 /* UIColor+HexToRgb.h */,
				D26161BA19709288002B77C7 /* UIColor+HexToRgb.m */,
			);
			path = UIColor;
			sourceTree = "<group>";
		};
		D261658519709D78002B77C7 /* SORelativeDateTransformer */ = {
			isa = PBXGroup;
			children = (
				D261658619709D9D002B77C7 /* SORelativeDateTransformer.bundle */,
				D261658719709D9D002B77C7 /* SORelativeDateTransformer.h */,
				D261658819709D9D002B77C7 /* SORelativeDateTransformer.m */,
			);
			path = SORelativeDateTransformer;
			sourceTree = "<group>";
		};
		D2798D81196B3668008F77F9 /* Friends */ = {
			isa = PBXGroup;
			children = (
				D2798D82196B368D008F77F9 /* TCFriendsViewController.h */,
				D2798D83196B368D008F77F9 /* TCFriendsViewController.m */,
			);
			path = Friends;
			sourceTree = "<group>";
		};
		D2798D85196B4890008F77F9 /* CustomCells */ = {
			isa = PBXGroup;
			children = (
				D2198617198E852200078382 /* UserStatusCell */,
				D26161AC197041B7002B77C7 /* FriendChatCell */,
				D26161AD197041B7002B77C7 /* MyChatCell */,
				D26161A619703D21002B77C7 /* EmoticonCell */,
				D2798DEB196CAD25008F77F9 /* RecentChatCell */,
				D2798D86196B4890008F77F9 /* FriendsCell */,
			);
			path = CustomCells;
			sourceTree = "<group>";
		};
		D2798D86196B4890008F77F9 /* FriendsCell */ = {
			isa = PBXGroup;
			children = (
				D2798D87196B48E6008F77F9 /* TCFriendsTableViewCell.h */,
				D2798D88196B48E6008F77F9 /* TCFriendsTableViewCell.m */,
				D2798D89196B48E6008F77F9 /* TCFriendsTableViewCell.xib */,
			);
			path = FriendsCell;
			sourceTree = "<group>";
		};
		D2798D8C196B58D7008F77F9 /* Common */ = {
			isa = PBXGroup;
			children = (
				D2798D8D196B58D7008F77F9 /* placeholder_profile.png */,
			);
			path = Common;
			sourceTree = "<group>";
		};
		D2798D93196B66D0008F77F9 /* Libs */ = {
			isa = PBXGroup;
			children = (
				D261658519709D78002B77C7 /* SORelativeDateTransformer */,
				D261619E19703BB1002B77C7 /* MBProgressHUD */,
				D2798D94196B66D0008F77F9 /* AFNetworking */,
			);
			path = Libs;
			sourceTree = "<group>";
		};
		D2798D94196B66D0008F77F9 /* AFNetworking */ = {
			isa = PBXGroup;
			children = (
				D2798DB7196B692D008F77F9 /* AFHTTPClient.h */,
				D2798DB8196B692D008F77F9 /* AFHTTPClient.m */,
				D2798DB9196B692D008F77F9 /* AFHTTPRequestOperation.h */,
				D2798DBA196B692D008F77F9 /* AFHTTPRequestOperation.m */,
				D2798DBB196B692D008F77F9 /* AFImageRequestOperation.h */,
				D2798DBC196B692D008F77F9 /* AFImageRequestOperation.m */,
				D2798DBD196B692D008F77F9 /* AFJSONRequestOperation.h */,
				D2798DBE196B692D008F77F9 /* AFJSONRequestOperation.m */,
				D2798DBF196B692D008F77F9 /* AFNetworkActivityIndicatorManager.h */,
				D2798DC0196B692D008F77F9 /* AFNetworkActivityIndicatorManager.m */,
				D2798DC1196B692D008F77F9 /* AFNetworking.h */,
				D2798DC2196B692D008F77F9 /* AFPropertyListRequestOperation.h */,
				D2798DC3196B692D008F77F9 /* AFPropertyListRequestOperation.m */,
				D2798DC4196B692D008F77F9 /* AFURLConnectionOperation.h */,
				D2798DC5196B692D008F77F9 /* AFURLConnectionOperation.m */,
				D2798DC6196B692D008F77F9 /* AFXMLRequestOperation.h */,
				D2798DC7196B692D008F77F9 /* AFXMLRequestOperation.m */,
				D2798DC8196B692D008F77F9 /* UIImageView+AFNetworking.h */,
				D2798DC9196B692D008F77F9 /* UIImageView+AFNetworking.m */,
			);
			path = AFNetworking;
			sourceTree = "<group>";
		};
		D2798DDC196C4591008F77F9 /* Model */ = {
			isa = PBXGroup;
			children = (
				D2798DDD196C45AA008F77F9 /* Chat.h */,
				D2798DDE196C45AA008F77F9 /* Chat.m */,
				D2E8A35919788606006CD97E /* RecentChat.h */,
				D2E8A35A19788606006CD97E /* RecentChat.m */,
				D2CAF13D1981931900DAEB3B /* Room.h */,
				D2CAF13E1981931900DAEB3B /* Room.m */,
			);
			path = Model;
			sourceTree = "<group>";
		};
		D2798DE0196C466A008F77F9 /* Storyboard */ = {
			isa = PBXGroup;
			children = (
				4FC0D2101968C7170055812C /* Main_iPad.storyboard */,
				4FC0D2121968C7170055812C /* Main_iPhone.storyboard */,
			);
			name = Storyboard;
			sourceTree = "<group>";
		};
		D2798DE1196C4681008F77F9 /* Supporting Files */ = {
			isa = PBXGroup;
			children = (
				4FC0D2361968C7180055812C /* InfoPlist.strings */,
				4FC0D23F1968C7180055812C /* main.m */,
				4FC0D2421968C7180055812C /* TChat-Info.plist */,
				4FC0D2431968C7180055812C /* TChat-Prefix.pch */,
				D26161AA19703F0D002B77C7 /* TC_EmoticonSymbols.plist */,
			);
			name = "Supporting Files";
			sourceTree = "<group>";
		};
		D2798DE3196CA5FD008F77F9 /* NSDate */ = {
			isa = PBXGroup;
			children = (
				D2798DE4196CA62F008F77F9 /* NSDate+Utilities.h */,
				D2798DE5196CA62F008F77F9 /* NSDate+Utilities.m */,
			);
			path = NSDate;
			sourceTree = "<group>";
		};
		D2798DE7196CA705008F77F9 /* HelperClasses */ = {
			isa = PBXGroup;
			children = (
				D2E8A3541976B5AC006CD97E /* KeychainItemWrapper.h */,
				D2E8A3551976B5AC006CD97E /* KeychainItemWrapper.m */,
				D2798DE8196CA73B008F77F9 /* TCUtility.h */,
				D2798DE9196CA73B008F77F9 /* TCUtility.m */,
			);
			path = HelperClasses;
			sourceTree = "<group>";
		};
		D2798DEB196CAD25008F77F9 /* RecentChatCell */ = {
			isa = PBXGroup;
			children = (
				D2798DEF196CAD83008F77F9 /* TCRecentChatTableViewCell.h */,
				D2798DF0196CAD83008F77F9 /* TCRecentChatTableViewCell.m */,
				D2798DF1196CAD83008F77F9 /* TCRecentChatTableViewCell.xib */,
			);
			path = RecentChatCell;
			sourceTree = "<group>";
		};
		D2CAF14A1983F39000DAEB3B /* CustomNavBar */ = {
			isa = PBXGroup;
			children = (
				D2CAF14B1983F39B00DAEB3B /* TCCustomNavBar.h */,
				D2CAF14C1983F39B00DAEB3B /* TCCustomNavBar.m */,
			);
			path = CustomNavBar;
			sourceTree = "<group>";
		};
		D2CAF14E198597AA00DAEB3B /* Normal_Chat */ = {
			isa = PBXGroup;
			children = (
				D261619A19703151002B77C7 /* TCChatConversationViewController.h */,
				D261619B19703151002B77C7 /* TCChatConversationViewController.m */,
			);
			name = Normal_Chat;
			sourceTree = "<group>";
		};
		D2CAF14F198597B900DAEB3B /* Group_Chat */ = {
			isa = PBXGroup;
			children = (
				D2CAF1501985984600DAEB3B /* TCGroupChatViewController.h */,
				D2CAF1511985984600DAEB3B /* TCGroupChatViewController.m */,
			);
			name = Group_Chat;
			sourceTree = "<group>";
		};
/* End PBXGroup section */

/* Begin PBXNativeTarget section */
		D21F12851966ACA7006A8910 /* TChat */ = {
			isa = PBXNativeTarget;
			buildConfigurationList = D21F12BB1966ACA8006A8910 /* Build configuration list for PBXNativeTarget "TChat" */;
			buildPhases = (
				D21F12821966ACA7006A8910 /* Sources */,
				D21F12831966ACA7006A8910 /* Frameworks */,
				D21F12841966ACA7006A8910 /* Resources */,
			);
			buildRules = (
			);
			dependencies = (
			);
			name = TChat;
			productName = YChat;
			productReference = D21F12861966ACA7006A8910 /* TChat.app */;
			productType = "com.apple.product-type.application";
		};
/* End PBXNativeTarget section */

/* Begin PBXProject section */
		D21F127E1966ACA7006A8910 /* Project object */ = {
			isa = PBXProject;
			attributes = {
				CLASSPREFIX = TC;
				LastUpgradeCheck = 0510;
				ORGANIZATIONNAME = "Tusk Solutions";
				TargetAttributes = {
					D21F12851966ACA7006A8910 = {
						SystemCapabilities = {
							com.apple.BackgroundModes = {
								enabled = 0;
							};
						};
					};
				};
			};
			buildConfigurationList = D21F12811966ACA7006A8910 /* Build configuration list for PBXProject "TChat" */;
			compatibilityVersion = "Xcode 3.2";
			developmentRegion = English;
			hasScannedForEncodings = 0;
			knownRegions = (
				en,
				Base,
			);
			mainGroup = D21F127D1966ACA7006A8910;
			productRefGroup = D21F12871966ACA7006A8910 /* Products */;
			projectDirPath = "";
			projectRoot = "";
			targets = (
				D21F12851966ACA7006A8910 /* TChat */,
			);
		};
/* End PBXProject section */

/* Begin PBXResourcesBuildPhase section */
		D21F12841966ACA7006A8910 /* Resources */ = {
			isa = PBXResourcesBuildPhase;
			buildActionMask = 2147483647;
			files = (
				D2798D8E196B58D7008F77F9 /* placeholder_profile.png in Resources */,
				4FC0D25B1968C7180055812C /* TChat-Info.plist in Resources */,
				D219860E198E7EFD00078382 /* chatrooms@2x.png in Resources */,
				4FC0D2451968C7180055812C /* Main_iPhone.storyboard in Resources */,
				4FC0D2581968C7180055812C /* Images.xcassets in Resources */,
				D2798DF3196CAD83008F77F9 /* TCRecentChatTableViewCell.xib in Resources */,
				D2198610198E7F7F00078382 /* friends@2x.png in Resources */,
				D2198612198E7FA200078382 /* recents@2x.png in Resources */,
				4FC0D2551968C7180055812C /* groups_button@2x.png in Resources */,
				D261658919709D9D002B77C7 /* SORelativeDateTransformer.bundle in Resources */,
				D24C05501993E5BF00200C76 /* send_message.aif in Resources */,
				D2798D8B196B48E6008F77F9 /* TCFriendsTableViewCell.xib in Resources */,
				D24C054F1993E5BF00200C76 /* received_message.wav in Resources */,
				4FC0D2531968C7180055812C /* InfoPlist.strings in Resources */,
				4FC0D2441968C7180055812C /* Main_iPad.storyboard in Resources */,
				D26161AB19703F0D002B77C7 /* TC_EmoticonSymbols.plist in Resources */,
				4FC0D2571968C7180055812C /* setting-button@2x.png in Resources */,
			);
			runOnlyForDeploymentPostprocessing = 0;
		};
/* End PBXResourcesBuildPhase section */

/* Begin PBXSourcesBuildPhase section */
		D21F12821966ACA7006A8910 /* Sources */ = {
			isa = PBXSourcesBuildPhase;
			buildActionMask = 2147483647;
			files = (
				D2CAF13F1981931900DAEB3B /* Room.m in Sources */,
				4FC0D25A1968C7180055812C /* TCAppDelegate.m in Sources */,
				D2798DD2196B692D008F77F9 /* UIImageView+AFNetworking.m in Sources */,
				D2CAF1521985984600DAEB3B /* TCGroupChatViewController.m in Sources */,
				4FC0D2501968C7180055812C /* XMPPRoomHybrid.xcdatamodel in Sources */,
				D2798DCB196B692D008F77F9 /* AFHTTPRequestOperation.m in Sources */,
				D26161A119703BB1002B77C7 /* MBProgressHUD.m in Sources */,
				4FC0D2461968C7180055812C /* TCConstants.m in Sources */,
				D2798DCE196B692D008F77F9 /* AFNetworkActivityIndicatorManager.m in Sources */,
				D261619C19703151002B77C7 /* TCChatConversationViewController.m in Sources */,
				D26161B719708FE5002B77C7 /* TCAPIMethods.m in Sources */,
				4FC0D24E1968C7180055812C /* XMPPMessageArchiving.xcdatamodel in Sources */,
				D2CAF1421981BA5D00DAEB3B /* TCCreateGroupViewController.m in Sources */,
				D26161A519703CB4002B77C7 /* TCEmoticonViewController.m in Sources */,
				4FC0D2471968C7180055812C /* TCLoginViewController.m in Sources */,
				D2798D84196B368D008F77F9 /* TCFriendsViewController.m in Sources */,
				4FC0D24B1968C7180055812C /* TCTabBarController.m in Sources */,
				4FC0D24F1968C7180055812C /* XMPPRoom.xcdatamodel in Sources */,
				4FC0D24A1968C7180055812C /* TCSettingsViewController.m in Sources */,
				4FC0D2521968C7180055812C /* XMPPvCard.xcdatamodel in Sources */,
				D2798DDF196C45AA008F77F9 /* Chat.m in Sources */,
				D2E8A35B19788606006CD97E /* RecentChat.m in Sources */,
				4FC0D24C1968C7180055812C /* UITextField+PaddingText.m in Sources */,
				D2798DCA196B692D008F77F9 /* AFHTTPClient.m in Sources */,
				D2CAF14D1983F39B00DAEB3B /* TCCustomNavBar.m in Sources */,
				D2798D8A196B48E6008F77F9 /* TCFriendsTableViewCell.m in Sources */,
				D261658A19709D9D002B77C7 /* SORelativeDateTransformer.m in Sources */,
				D2798DEA196CA73B008F77F9 /* TCUtility.m in Sources */,
				4FC0D2491968C7180055812C /* TCRecentsViewController.m in Sources */,
				D2E8A3561976B5AC006CD97E /* KeychainItemWrapper.m in Sources */,
				D26161B0197041F3002B77C7 /* TCMyChatCell.m in Sources */,
				D2798DE6196CA62F008F77F9 /* NSDate+Utilities.m in Sources */,
				D2798DD1196B692D008F77F9 /* AFXMLRequestOperation.m in Sources */,
				D26161A919703DA9002B77C7 /* TCEmoticonTableViewCell.m in Sources */,
				D2798DD0196B692D008F77F9 /* AFURLConnectionOperation.m in Sources */,
				D26161B319704209002B77C7 /* TCFriendChatCell.m in Sources */,
				4FC0D2481968C7180055812C /* TCGroupsViewController.m in Sources */,
				D2798DCC196B692D008F77F9 /* AFImageRequestOperation.m in Sources */,
				D2798DF2196CAD83008F77F9 /* TCRecentChatTableViewCell.m in Sources */,
				D219861A198E854300078382 /* TCUserStatusCell.m in Sources */,
				D2798DCD196B692D008F77F9 /* AFJSONRequestOperation.m in Sources */,
				D2798DCF196B692D008F77F9 /* AFPropertyListRequestOperation.m in Sources */,
				4FC0D2511968C7180055812C /* XMPPRoster.xcdatamodel in Sources */,
				4FC0D2591968C7180055812C /* main.m in Sources */,
				4FC0D24D1968C7180055812C /* XMPPCapabilities.xcdatamodel in Sources */,
				D2198616198E809100078382 /* TCChatroomsViewController.m in Sources */,
				D2798DDB196C44A0008F77F9 /* TChatModel.xcdatamodeld in Sources */,
				D26161BB19709288002B77C7 /* UIColor+HexToRgb.m in Sources */,
			);
			runOnlyForDeploymentPostprocessing = 0;
		};
/* End PBXSourcesBuildPhase section */

/* Begin PBXVariantGroup section */
		4FC0D2101968C7170055812C /* Main_iPad.storyboard */ = {
			isa = PBXVariantGroup;
			children = (
				4FC0D2111968C7170055812C /* Base */,
			);
			name = Main_iPad.storyboard;
			sourceTree = "<group>";
		};
		4FC0D2121968C7170055812C /* Main_iPhone.storyboard */ = {
			isa = PBXVariantGroup;
			children = (
				4FC0D2131968C7170055812C /* Base */,
			);
			name = Main_iPhone.storyboard;
			sourceTree = "<group>";
		};
		4FC0D2361968C7180055812C /* InfoPlist.strings */ = {
			isa = PBXVariantGroup;
			children = (
				4FC0D2371968C7180055812C /* en */,
			);
			name = InfoPlist.strings;
			sourceTree = "<group>";
		};
/* End PBXVariantGroup section */

/* Begin XCBuildConfiguration section */
		D21F12B91966ACA8006A8910 /* Debug */ = {
			isa = XCBuildConfiguration;
			buildSettings = {
				ALWAYS_SEARCH_USER_PATHS = NO;
				CLANG_CXX_LANGUAGE_STANDARD = "gnu++0x";
				CLANG_CXX_LIBRARY = "libc++";
				CLANG_ENABLE_MODULES = YES;
				CLANG_ENABLE_OBJC_ARC = YES;
				CLANG_WARN_BOOL_CONVERSION = YES;
				CLANG_WARN_CONSTANT_CONVERSION = YES;
				CLANG_WARN_DIRECT_OBJC_ISA_USAGE = YES_ERROR;
				CLANG_WARN_EMPTY_BODY = YES;
				CLANG_WARN_ENUM_CONVERSION = YES;
				CLANG_WARN_INT_CONVERSION = YES;
				CLANG_WARN_OBJC_ROOT_CLASS = YES_ERROR;
				CLANG_WARN__DUPLICATE_METHOD_MATCH = YES;
				"CODE_SIGN_IDENTITY[sdk=iphoneos*]" = "iPhone Developer";
				COPY_PHASE_STRIP = NO;
				GCC_C_LANGUAGE_STANDARD = gnu99;
				GCC_DYNAMIC_NO_PIC = NO;
				GCC_OPTIMIZATION_LEVEL = 0;
				GCC_PREPROCESSOR_DEFINITIONS = (
					"DEBUG=1",
					"$(inherited)",
				);
				GCC_SYMBOLS_PRIVATE_EXTERN = NO;
				GCC_WARN_64_TO_32_BIT_CONVERSION = YES;
				GCC_WARN_ABOUT_RETURN_TYPE = YES_ERROR;
				GCC_WARN_UNDECLARED_SELECTOR = YES;
				GCC_WARN_UNINITIALIZED_AUTOS = YES_AGGRESSIVE;
				GCC_WARN_UNUSED_FUNCTION = YES;
				GCC_WARN_UNUSED_VARIABLE = YES;
				IPHONEOS_DEPLOYMENT_TARGET = 7.1;
				ONLY_ACTIVE_ARCH = YES;
				SDKROOT = iphoneos;
				TARGETED_DEVICE_FAMILY = "1,2";
			};
			name = Debug;
		};
		D21F12BA1966ACA8006A8910 /* Release */ = {
			isa = XCBuildConfiguration;
			buildSettings = {
				ALWAYS_SEARCH_USER_PATHS = NO;
				CLANG_CXX_LANGUAGE_STANDARD = "gnu++0x";
				CLANG_CXX_LIBRARY = "libc++";
				CLANG_ENABLE_MODULES = YES;
				CLANG_ENABLE_OBJC_ARC = YES;
				CLANG_WARN_BOOL_CONVERSION = YES;
				CLANG_WARN_CONSTANT_CONVERSION = YES;
				CLANG_WARN_DIRECT_OBJC_ISA_USAGE = YES_ERROR;
				CLANG_WARN_EMPTY_BODY = YES;
				CLANG_WARN_ENUM_CONVERSION = YES;
				CLANG_WARN_INT_CONVERSION = YES;
				CLANG_WARN_OBJC_ROOT_CLASS = YES_ERROR;
				CLANG_WARN__DUPLICATE_METHOD_MATCH = YES;
				"CODE_SIGN_IDENTITY[sdk=iphoneos*]" = "iPhone Developer";
				COPY_PHASE_STRIP = YES;
				ENABLE_NS_ASSERTIONS = NO;
				GCC_C_LANGUAGE_STANDARD = gnu99;
				GCC_WARN_64_TO_32_BIT_CONVERSION = YES;
				GCC_WARN_ABOUT_RETURN_TYPE = YES_ERROR;
				GCC_WARN_UNDECLARED_SELECTOR = YES;
				GCC_WARN_UNINITIALIZED_AUTOS = YES_AGGRESSIVE;
				GCC_WARN_UNUSED_FUNCTION = YES;
				GCC_WARN_UNUSED_VARIABLE = YES;
				IPHONEOS_DEPLOYMENT_TARGET = 7.1;
				SDKROOT = iphoneos;
				TARGETED_DEVICE_FAMILY = "1,2";
				VALIDATE_PRODUCT = YES;
			};
			name = Release;
		};
		D21F12BC1966ACA8006A8910 /* Debug */ = {
			isa = XCBuildConfiguration;
			buildSettings = {
				ASSETCATALOG_COMPILER_APPICON_NAME = AppIcon;
				ASSETCATALOG_COMPILER_LAUNCHIMAGE_NAME = LaunchImage;
				FRAMEWORK_SEARCH_PATHS = "$(PROJECT_DIR)/XMPPFramework";
				GCC_PRECOMPILE_PREFIX_HEADER = YES;
				GCC_PREFIX_HEADER = "TChat/TChat-Prefix.pch";
				HEADER_SEARCH_PATHS = (
					"$(inherited)",
					/usr/include/libxml2,
				);
				INFOPLIST_FILE = "TChat/TChat-Info.plist";
				IPHONEOS_DEPLOYMENT_TARGET = 6.0;
				OTHER_LDFLAGS = "-ObjC";
				PRODUCT_NAME = TChat;
				USER_HEADER_SEARCH_PATHS = "";
				WRAPPER_EXTENSION = app;
			};
			name = Debug;
		};
		D21F12BD1966ACA8006A8910 /* Release */ = {
			isa = XCBuildConfiguration;
			buildSettings = {
				ASSETCATALOG_COMPILER_APPICON_NAME = AppIcon;
				ASSETCATALOG_COMPILER_LAUNCHIMAGE_NAME = LaunchImage;
				FRAMEWORK_SEARCH_PATHS = "$(PROJECT_DIR)/XMPPFramework";
				GCC_PRECOMPILE_PREFIX_HEADER = YES;
				GCC_PREFIX_HEADER = "TChat/TChat-Prefix.pch";
				HEADER_SEARCH_PATHS = (
					"$(inherited)",
					/usr/include/libxml2,
				);
				INFOPLIST_FILE = "TChat/TChat-Info.plist";
				IPHONEOS_DEPLOYMENT_TARGET = 6.0;
				OTHER_LDFLAGS = "-ObjC";
				PRODUCT_NAME = TChat;
				USER_HEADER_SEARCH_PATHS = "";
				WRAPPER_EXTENSION = app;
			};
			name = Release;
		};
/* End XCBuildConfiguration section */

/* Begin XCConfigurationList section */
		D21F12811966ACA7006A8910 /* Build configuration list for PBXProject "TChat" */ = {
			isa = XCConfigurationList;
			buildConfigurations = (
				D21F12B91966ACA8006A8910 /* Debug */,
				D21F12BA1966ACA8006A8910 /* Release */,
			);
			defaultConfigurationIsVisible = 0;
			defaultConfigurationName = Release;
		};
		D21F12BB1966ACA8006A8910 /* Build configuration list for PBXNativeTarget "TChat" */ = {
			isa = XCConfigurationList;
			buildConfigurations = (
				D21F12BC1966ACA8006A8910 /* Debug */,
				D21F12BD1966ACA8006A8910 /* Release */,
			);
			defaultConfigurationIsVisible = 0;
			defaultConfigurationName = Release;
		};
/* End XCConfigurationList section */

/* Begin XCVersionGroup section */
		D2798DD9196C44A0008F77F9 /* TChatModel.xcdatamodeld */ = {
			isa = XCVersionGroup;
			children = (
				D2798DDA196C44A0008F77F9 /* TChatModel.xcdatamodel */,
			);
			currentVersion = D2798DDA196C44A0008F77F9 /* TChatModel.xcdatamodel */;
			path = TChatModel.xcdatamodeld;
			sourceTree = "<group>";
			versionGroupType = wrapper.xcdatamodel;
		};
/* End XCVersionGroup section */
	};
	rootObject = D21F127E1966ACA7006A8910 /* Project object */;
}
